
Microsoft Visual Studio Solution File, Format Version 12.00
# Visual Studio Version 16
VisualStudioVersion = 25.0.1706.11
MinimumVisualStudioVersion = 10.0.40219.1
Project("{FAE04EC0-301F-11D3-BF4B-00C04F79EFBC}") = "PickACardBlazor", "PickACardBlazor\PickACardBlazor.csproj", "{37739B3F-34F7-42D9-9892-B880E6C7C31B}"
EndProject
Global
	GlobalSection(SolutionConfigurationPlatforms) = preSolution
		Debug|Any CPU = Debug|Any CPU
		Release|Any CPU = Release|Any CPU
	EndGlobalSection
	GlobalSection(ProjectConfigurationPlatforms) = postSolution
		{37739B3F-34F7-42D9-9892-B880E6C7C31B}.Debug|Any CPU.ActiveCfg = Debug|Any CPU
		{37739B3F-34F7-42D9-9892-B880E6C7C31B}.Debug|Any CPU.Build.0 = Debug|Any CPU
		{37739B3F-34F7-42D9-9892-B880E6C7C31B}.Release|Any CPU.ActiveCfg = Release|Any CPU
		{37739B3F-34F7-42D9-9892-B880E6C7C31B}.Release|Any CPU.Build.0 = Release|Any CPU
	EndGlobalSection
	GlobalSection(SolutionProperties) = preSolution
		HideSolutionNode = FALSE
	EndGlobalSection
	GlobalSection(ExtensibilityGlobals) = postSolution
		SolutionGuid = {4978FF16-BCDE-414D-B23F-DA41BD184094}
	EndGlobalSection
EndGlobal
