
Microsoft Visual Studio Solution File, Format Version 12.00
# Visual Studio Version 16
VisualStudioVersion = 25.0.1706.11
MinimumVisualStudioVersion = 10.0.40219.1
Project("{FAE04EC0-301F-11D3-BF4B-00C04F79EFBC}") = "Human", "Human\Human.csproj", "{B2A20248-4506-4D96-873B-9CFDEFE22E53}"
EndProject
Global
	GlobalSection(SolutionConfigurationPlatforms) = preSolution
		Debug|Any CPU = Debug|Any CPU
		Release|Any CPU = Release|Any CPU
	EndGlobalSection
	GlobalSection(ProjectConfigurationPlatforms) = postSolution
		{B2A20248-4506-4D96-873B-9CFDEFE22E53}.Debug|Any CPU.ActiveCfg = Debug|Any CPU
		{B2A20248-4506-4D96-873B-9CFDEFE22E53}.Debug|Any CPU.Build.0 = Debug|Any CPU
		{B2A20248-4506-4D96-873B-9CFDEFE22E53}.Release|Any CPU.ActiveCfg = Release|Any CPU
		{B2A20248-4506-4D96-873B-9CFDEFE22E53}.Release|Any CPU.Build.0 = Release|Any CPU
	EndGlobalSection
	GlobalSection(SolutionProperties) = preSolution
		HideSolutionNode = FALSE
	EndGlobalSection
	GlobalSection(ExtensibilityGlobals) = postSolution
		SolutionGuid = {321015C2-5633-417E-8A05-72810BD89591}
	EndGlobalSection
EndGlobal
